
Microsoft Visual Studio Solution File, Format Version 12.00
# Visual Studio Version 16
VisualStudioVersion = 16.0.30523.141
MinimumVisualStudioVersion = 10.0.40219.1
Project("{8BC9CEB8-8B4A-11D0-8D11-00A0C91BC942}") = "Program1", "My_Project\My_Project.vcxproj", "{E5558DF0-A46C-4834-B452-D07DB0328A6C}"
EndProject
Project("{8BC9CEB8-8B4A-11D0-8D11-00A0C91BC942}") = "Program2", "Program2_dataTypeSize\Program2_dataTypeSize.vcxproj", "{82697A01-6F0B-46CC-BBAA-A6CF4C0809FB}"
EndProject
Project("{8BC9CEB8-8B4A-11D0-8D11-00A0C91BC942}") = "Program3", "typedef\typedef.vcxproj", "{98CB031D-123C-4D12-B597-E33355BD1983}"
EndProject
Project("{8BC9CEB8-8B4A-11D0-8D11-00A0C91BC942}") = "Program4", "Program4_userDefinedVars\Program4_userDefinedVars.vcxproj", "{CD8E7747-6EDA-4A97-8B85-26A0DB8F6E56}"
EndProject
Project("{8BC9CEB8-8B4A-11D0-8D11-00A0C91BC942}") = "Program5", "Project5_IncrementDecrment\Project5_IncrementDecrment.vcxproj", "{87C5AC04-FF38-49B0-A18F-E1DA221E2073}"
EndProject
Project("{8BC9CEB8-8B4A-11D0-8D11-00A0C91BC942}") = "Program6", "Area of rectangle\Area of rectangle.vcxproj", "{125FF346-FF96-4020-8E31-52C0321CA9DC}"
EndProject
Project("{8BC9CEB8-8B4A-11D0-8D11-00A0C91BC942}") = "Program7", "Program7_converting\Program7_converting.vcxproj", "{798F5342-22C6-412C-AA4F-431869567717}"
EndProject
Project("{8BC9CEB8-8B4A-11D0-8D11-00A0C91BC942}") = "Program8", "Program8_pi\Program8_pi.vcxproj", "{D23B3F70-6884-4507-A13C-FF11E6238D86}"
EndProject
Project("{8BC9CEB8-8B4A-11D0-8D11-00A0C91BC942}") = "Program9", "IF\IF.vcxproj", "{F6015096-8253-4E12-858A-D3DB262E7C41}"
EndProject
Project("{8BC9CEB8-8B4A-11D0-8D11-00A0C91BC942}") = "Test_Run", "Test_Run\Test_Run.vcxproj", "{E5A2CE61-8C31-4A53-84E7-798324D07B27}"
EndProject
Project("{8BC9CEB8-8B4A-11D0-8D11-00A0C91BC942}") = "Program18", "Program18\Program18.vcxproj", "{6B2DD0B0-D013-4BAD-A2D0-B086DBFBE5AC}"
EndProject
Project("{8BC9CEB8-8B4A-11D0-8D11-00A0C91BC942}") = "Program15", "Program15\Program15.vcxproj", "{A5435A8C-469B-460B-B23A-887919C13B6A}"
EndProject
Project("{8BC9CEB8-8B4A-11D0-8D11-00A0C91BC942}") = "Program14", "Program14\Program14.vcxproj", "{2582FCDC-1F8B-47C5-8146-79180D820623}"
EndProject
Project("{8BC9CEB8-8B4A-11D0-8D11-00A0C91BC942}") = "Program16", "Program16\Program16.vcxproj", "{E9A6E6EC-C90D-4434-817A-FBE9BCF3AF16}"
EndProject
Project("{8BC9CEB8-8B4A-11D0-8D11-00A0C91BC942}") = "Program17", "Program17\Program17.vcxproj", "{689FB058-5BE0-49F4-8558-89C783D2315D}"
EndProject
Project("{8BC9CEB8-8B4A-11D0-8D11-00A0C91BC942}") = "Program19", "Program19\Program19.vcxproj", "{A060300F-6C87-402D-86BD-BDAB51A81842}"
EndProject
Project("{8BC9CEB8-8B4A-11D0-8D11-00A0C91BC942}") = "Default_Template", "Default_Template\Default_Template.vcxproj", "{FA75B09D-B888-436E-9629-A97B79795B44}"
EndProject
Project("{8BC9CEB8-8B4A-11D0-8D11-00A0C91BC942}") = "Program21", "Program21\Program21.vcxproj", "{110FEE5F-8593-4D98-94E5-4FDE02B0F84B}"
EndProject
Project("{8BC9CEB8-8B4A-11D0-8D11-00A0C91BC942}") = "Program22", "Program22\Program22.vcxproj", "{F9BA7604-60CB-4293-A66A-D86A11513617}"
EndProject
Project("{8BC9CEB8-8B4A-11D0-8D11-00A0C91BC942}") = "Program23", "Program23\Program23.vcxproj", "{DB4E7B55-564F-4982-97F6-C4C7F61E8097}"
EndProject
Project("{8BC9CEB8-8B4A-11D0-8D11-00A0C91BC942}") = "Program24", "Program24\Program24.vcxproj", "{31CF9546-28C5-4B39-9A10-FB44FE63B0D0}"
EndProject
Project("{8BC9CEB8-8B4A-11D0-8D11-00A0C91BC942}") = "Program20", "Program20\Program20.vcxproj", "{47BF8F2D-29C8-489E-B20A-06C2D99212D3}"
EndProject
Project("{8BC9CEB8-8B4A-11D0-8D11-00A0C91BC942}") = "Program25", "Program25\Program25.vcxproj", "{DE55B421-08F1-4721-A959-586CE962DC80}"
EndProject
Project("{8BC9CEB8-8B4A-11D0-8D11-00A0C91BC942}") = "Program26", "Progra26\Progra26.vcxproj", "{48FAAA96-792D-4EA8-86C9-2FDB1BB1AAEA}"
EndProject
Project("{8BC9CEB8-8B4A-11D0-8D11-00A0C91BC942}") = "Program27", "Program27\Program27.vcxproj", "{DAE142AC-4B65-479F-9435-CBF165B2ECEA}"
EndProject
Project("{8BC9CEB8-8B4A-11D0-8D11-00A0C91BC942}") = "Program28", "Program28\Program28.vcxproj", "{B2B5CFC5-85C1-46A6-AACC-5D39E521E226}"
EndProject
Project("{8BC9CEB8-8B4A-11D0-8D11-00A0C91BC942}") = "Program29", "Program29\Program29.vcxproj", "{FF0174FC-F8BE-4473-8C2A-A1C30F8322EA}"
EndProject
Project("{8BC9CEB8-8B4A-11D0-8D11-00A0C91BC942}") = "Program30", "Program30\Program30.vcxproj", "{85451C32-0DDA-489E-BBE7-B0217C11E870}"
EndProject
Project("{8BC9CEB8-8B4A-11D0-8D11-00A0C91BC942}") = "Program31", "Program31\Program31.vcxproj", "{3131B074-9C0F-4093-B9C1-3EA1E85DA317}"
EndProject
Project("{8BC9CEB8-8B4A-11D0-8D11-00A0C91BC942}") = "Program32", "Program32\Program32.vcxproj", "{081215CC-3DC6-4B65-8884-4DD065467725}"
EndProject
Global
	GlobalSection(SolutionConfigurationPlatforms) = preSolution
		Debug|x64 = Debug|x64
		Debug|x86 = Debug|x86
		Release|x64 = Release|x64
		Release|x86 = Release|x86
	EndGlobalSection
	GlobalSection(ProjectConfigurationPlatforms) = postSolution
		{E5558DF0-A46C-4834-B452-D07DB0328A6C}.Debug|x64.ActiveCfg = Debug|x64
		{E5558DF0-A46C-4834-B452-D07DB0328A6C}.Debug|x64.Build.0 = Debug|x64
		{E5558DF0-A46C-4834-B452-D07DB0328A6C}.Debug|x86.ActiveCfg = Debug|Win32
		{E5558DF0-A46C-4834-B452-D07DB0328A6C}.Debug|x86.Build.0 = Debug|Win32
		{E5558DF0-A46C-4834-B452-D07DB0328A6C}.Release|x64.ActiveCfg = Release|x64
		{E5558DF0-A46C-4834-B452-D07DB0328A6C}.Release|x64.Build.0 = Release|x64
		{E5558DF0-A46C-4834-B452-D07DB0328A6C}.Release|x86.ActiveCfg = Release|Win32
		{E5558DF0-A46C-4834-B452-D07DB0328A6C}.Release|x86.Build.0 = Release|Win32
		{82697A01-6F0B-46CC-BBAA-A6CF4C0809FB}.Debug|x64.ActiveCfg = Debug|x64
		{82697A01-6F0B-46CC-BBAA-A6CF4C0809FB}.Debug|x64.Build.0 = Debug|x64
		{82697A01-6F0B-46CC-BBAA-A6CF4C0809FB}.Debug|x86.ActiveCfg = Debug|Win32
		{82697A01-6F0B-46CC-BBAA-A6CF4C0809FB}.Debug|x86.Build.0 = Debug|Win32
		{82697A01-6F0B-46CC-BBAA-A6CF4C0809FB}.Release|x64.ActiveCfg = Release|x64
		{82697A01-6F0B-46CC-BBAA-A6CF4C0809FB}.Release|x64.Build.0 = Release|x64
		{82697A01-6F0B-46CC-BBAA-A6CF4C0809FB}.Release|x86.ActiveCfg = Release|Win32
		{82697A01-6F0B-46CC-BBAA-A6CF4C0809FB}.Release|x86.Build.0 = Release|Win32
		{98CB031D-123C-4D12-B597-E33355BD1983}.Debug|x64.ActiveCfg = Debug|x64
		{98CB031D-123C-4D12-B597-E33355BD1983}.Debug|x64.Build.0 = Debug|x64
		{98CB031D-123C-4D12-B597-E33355BD1983}.Debug|x86.ActiveCfg = Debug|Win32
		{98CB031D-123C-4D12-B597-E33355BD1983}.Debug|x86.Build.0 = Debug|Win32
		{98CB031D-123C-4D12-B597-E33355BD1983}.Release|x64.ActiveCfg = Release|x64
		{98CB031D-123C-4D12-B597-E33355BD1983}.Release|x64.Build.0 = Release|x64
		{98CB031D-123C-4D12-B597-E33355BD1983}.Release|x86.ActiveCfg = Release|Win32
		{98CB031D-123C-4D12-B597-E33355BD1983}.Release|x86.Build.0 = Release|Win32
		{CD8E7747-6EDA-4A97-8B85-26A0DB8F6E56}.Debug|x64.ActiveCfg = Debug|x64
		{CD8E7747-6EDA-4A97-8B85-26A0DB8F6E56}.Debug|x64.Build.0 = Debug|x64
		{CD8E7747-6EDA-4A97-8B85-26A0DB8F6E56}.Debug|x86.ActiveCfg = Debug|Win32
		{CD8E7747-6EDA-4A97-8B85-26A0DB8F6E56}.Debug|x86.Build.0 = Debug|Win32
		{CD8E7747-6EDA-4A97-8B85-26A0DB8F6E56}.Release|x64.ActiveCfg = Release|x64
		{CD8E7747-6EDA-4A97-8B85-26A0DB8F6E56}.Release|x64.Build.0 = Release|x64
		{CD8E7747-6EDA-4A97-8B85-26A0DB8F6E56}.Release|x86.ActiveCfg = Release|Win32
		{CD8E7747-6EDA-4A97-8B85-26A0DB8F6E56}.Release|x86.Build.0 = Release|Win32
		{87C5AC04-FF38-49B0-A18F-E1DA221E2073}.Debug|x64.ActiveCfg = Debug|x64
		{87C5AC04-FF38-49B0-A18F-E1DA221E2073}.Debug|x64.Build.0 = Debug|x64
		{87C5AC04-FF38-49B0-A18F-E1DA221E2073}.Debug|x86.ActiveCfg = Debug|Win32
		{87C5AC04-FF38-49B0-A18F-E1DA221E2073}.Debug|x86.Build.0 = Debug|Win32
		{87C5AC04-FF38-49B0-A18F-E1DA221E2073}.Release|x64.ActiveCfg = Release|x64
		{87C5AC04-FF38-49B0-A18F-E1DA221E2073}.Release|x64.Build.0 = Release|x64
		{87C5AC04-FF38-49B0-A18F-E1DA221E2073}.Release|x86.ActiveCfg = Release|Win32
		{87C5AC04-FF38-49B0-A18F-E1DA221E2073}.Release|x86.Build.0 = Release|Win32
		{125FF346-FF96-4020-8E31-52C0321CA9DC}.Debug|x64.ActiveCfg = Debug|x64
		{125FF346-FF96-4020-8E31-52C0321CA9DC}.Debug|x64.Build.0 = Debug|x64
		{125FF346-FF96-4020-8E31-52C0321CA9DC}.Debug|x86.ActiveCfg = Debug|Win32
		{125FF346-FF96-4020-8E31-52C0321CA9DC}.Debug|x86.Build.0 = Debug|Win32
		{125FF346-FF96-4020-8E31-52C0321CA9DC}.Release|x64.ActiveCfg = Release|x64
		{125FF346-FF96-4020-8E31-52C0321CA9DC}.Release|x64.Build.0 = Release|x64
		{125FF346-FF96-4020-8E31-52C0321CA9DC}.Release|x86.ActiveCfg = Release|Win32
		{125FF346-FF96-4020-8E31-52C0321CA9DC}.Release|x86.Build.0 = Release|Win32
		{798F5342-22C6-412C-AA4F-431869567717}.Debug|x64.ActiveCfg = Debug|x64
		{798F5342-22C6-412C-AA4F-431869567717}.Debug|x64.Build.0 = Debug|x64
		{798F5342-22C6-412C-AA4F-431869567717}.Debug|x86.ActiveCfg = Debug|Win32
		{798F5342-22C6-412C-AA4F-431869567717}.Debug|x86.Build.0 = Debug|Win32
		{798F5342-22C6-412C-AA4F-431869567717}.Release|x64.ActiveCfg = Release|x64
		{798F5342-22C6-412C-AA4F-431869567717}.Release|x64.Build.0 = Release|x64
		{798F5342-22C6-412C-AA4F-431869567717}.Release|x86.ActiveCfg = Release|Win32
		{798F5342-22C6-412C-AA4F-431869567717}.Release|x86.Build.0 = Release|Win32
		{D23B3F70-6884-4507-A13C-FF11E6238D86}.Debug|x64.ActiveCfg = Debug|x64
		{D23B3F70-6884-4507-A13C-FF11E6238D86}.Debug|x64.Build.0 = Debug|x64
		{D23B3F70-6884-4507-A13C-FF11E6238D86}.Debug|x86.ActiveCfg = Debug|Win32
		{D23B3F70-6884-4507-A13C-FF11E6238D86}.Debug|x86.Build.0 = Debug|Win32
		{D23B3F70-6884-4507-A13C-FF11E6238D86}.Release|x64.ActiveCfg = Release|x64
		{D23B3F70-6884-4507-A13C-FF11E6238D86}.Release|x64.Build.0 = Release|x64
		{D23B3F70-6884-4507-A13C-FF11E6238D86}.Release|x86.ActiveCfg = Release|Win32
		{D23B3F70-6884-4507-A13C-FF11E6238D86}.Release|x86.Build.0 = Release|Win32
		{F6015096-8253-4E12-858A-D3DB262E7C41}.Debug|x64.ActiveCfg = Debug|x64
		{F6015096-8253-4E12-858A-D3DB262E7C41}.Debug|x64.Build.0 = Debug|x64
		{F6015096-8253-4E12-858A-D3DB262E7C41}.Debug|x86.ActiveCfg = Debug|Win32
		{F6015096-8253-4E12-858A-D3DB262E7C41}.Debug|x86.Build.0 = Debug|Win32
		{F6015096-8253-4E12-858A-D3DB262E7C41}.Release|x64.ActiveCfg = Release|x64
		{F6015096-8253-4E12-858A-D3DB262E7C41}.Release|x64.Build.0 = Release|x64
		{F6015096-8253-4E12-858A-D3DB262E7C41}.Release|x86.ActiveCfg = Release|Win32
		{F6015096-8253-4E12-858A-D3DB262E7C41}.Release|x86.Build.0 = Release|Win32
		{E5A2CE61-8C31-4A53-84E7-798324D07B27}.Debug|x64.ActiveCfg = Debug|x64
		{E5A2CE61-8C31-4A53-84E7-798324D07B27}.Debug|x64.Build.0 = Debug|x64
		{E5A2CE61-8C31-4A53-84E7-798324D07B27}.Debug|x86.ActiveCfg = Debug|Win32
		{E5A2CE61-8C31-4A53-84E7-798324D07B27}.Debug|x86.Build.0 = Debug|Win32
		{E5A2CE61-8C31-4A53-84E7-798324D07B27}.Release|x64.ActiveCfg = Release|x64
		{E5A2CE61-8C31-4A53-84E7-798324D07B27}.Release|x64.Build.0 = Release|x64
		{E5A2CE61-8C31-4A53-84E7-798324D07B27}.Release|x86.ActiveCfg = Release|Win32
		{E5A2CE61-8C31-4A53-84E7-798324D07B27}.Release|x86.Build.0 = Release|Win32
		{6B2DD0B0-D013-4BAD-A2D0-B086DBFBE5AC}.Debug|x64.ActiveCfg = Debug|x64
		{6B2DD0B0-D013-4BAD-A2D0-B086DBFBE5AC}.Debug|x64.Build.0 = Debug|x64
		{6B2DD0B0-D013-4BAD-A2D0-B086DBFBE5AC}.Debug|x86.ActiveCfg = Debug|Win32
		{6B2DD0B0-D013-4BAD-A2D0-B086DBFBE5AC}.Debug|x86.Build.0 = Debug|Win32
		{6B2DD0B0-D013-4BAD-A2D0-B086DBFBE5AC}.Release|x64.ActiveCfg = Release|x64
		{6B2DD0B0-D013-4BAD-A2D0-B086DBFBE5AC}.Release|x64.Build.0 = Release|x64
		{6B2DD0B0-D013-4BAD-A2D0-B086DBFBE5AC}.Release|x86.ActiveCfg = Release|Win32
		{6B2DD0B0-D013-4BAD-A2D0-B086DBFBE5AC}.Release|x86.Build.0 = Release|Win32
		{A5435A8C-469B-460B-B23A-887919C13B6A}.Debug|x64.ActiveCfg = Debug|x64
		{A5435A8C-469B-460B-B23A-887919C13B6A}.Debug|x64.Build.0 = Debug|x64
		{A5435A8C-469B-460B-B23A-887919C13B6A}.Debug|x86.ActiveCfg = Debug|Win32
		{A5435A8C-469B-460B-B23A-887919C13B6A}.Debug|x86.Build.0 = Debug|Win32
		{A5435A8C-469B-460B-B23A-887919C13B6A}.Release|x64.ActiveCfg = Release|x64
		{A5435A8C-469B-460B-B23A-887919C13B6A}.Release|x64.Build.0 = Release|x64
		{A5435A8C-469B-460B-B23A-887919C13B6A}.Release|x86.ActiveCfg = Release|Win32
		{A5435A8C-469B-460B-B23A-887919C13B6A}.Release|x86.Build.0 = Release|Win32
		{2582FCDC-1F8B-47C5-8146-79180D820623}.Debug|x64.ActiveCfg = Debug|x64
		{2582FCDC-1F8B-47C5-8146-79180D820623}.Debug|x64.Build.0 = Debug|x64
		{2582FCDC-1F8B-47C5-8146-79180D820623}.Debug|x86.ActiveCfg = Debug|Win32
		{2582FCDC-1F8B-47C5-8146-79180D820623}.Debug|x86.Build.0 = Debug|Win32
		{2582FCDC-1F8B-47C5-8146-79180D820623}.Release|x64.ActiveCfg = Release|x64
		{2582FCDC-1F8B-47C5-8146-79180D820623}.Release|x64.Build.0 = Release|x64
		{2582FCDC-1F8B-47C5-8146-79180D820623}.Release|x86.ActiveCfg = Release|Win32
		{2582FCDC-1F8B-47C5-8146-79180D820623}.Release|x86.Build.0 = Release|Win32
		{E9A6E6EC-C90D-4434-817A-FBE9BCF3AF16}.Debug|x64.ActiveCfg = Debug|x64
		{E9A6E6EC-C90D-4434-817A-FBE9BCF3AF16}.Debug|x64.Build.0 = Debug|x64
		{E9A6E6EC-C90D-4434-817A-FBE9BCF3AF16}.Debug|x86.ActiveCfg = Debug|Win32
		{E9A6E6EC-C90D-4434-817A-FBE9BCF3AF16}.Debug|x86.Build.0 = Debug|Win32
		{E9A6E6EC-C90D-4434-817A-FBE9BCF3AF16}.Release|x64.ActiveCfg = Release|x64
		{E9A6E6EC-C90D-4434-817A-FBE9BCF3AF16}.Release|x64.Build.0 = Release|x64
		{E9A6E6EC-C90D-4434-817A-FBE9BCF3AF16}.Release|x86.ActiveCfg = Release|Win32
		{E9A6E6EC-C90D-4434-817A-FBE9BCF3AF16}.Release|x86.Build.0 = Release|Win32
		{689FB058-5BE0-49F4-8558-89C783D2315D}.Debug|x64.ActiveCfg = Debug|x64
		{689FB058-5BE0-49F4-8558-89C783D2315D}.Debug|x64.Build.0 = Debug|x64
		{689FB058-5BE0-49F4-8558-89C783D2315D}.Debug|x86.ActiveCfg = Debug|Win32
		{689FB058-5BE0-49F4-8558-89C783D2315D}.Debug|x86.Build.0 = Debug|Win32
		{689FB058-5BE0-49F4-8558-89C783D2315D}.Release|x64.ActiveCfg = Release|x64
		{689FB058-5BE0-49F4-8558-89C783D2315D}.Release|x64.Build.0 = Release|x64
		{689FB058-5BE0-49F4-8558-89C783D2315D}.Release|x86.ActiveCfg = Release|Win32
		{689FB058-5BE0-49F4-8558-89C783D2315D}.Release|x86.Build.0 = Release|Win32
		{A060300F-6C87-402D-86BD-BDAB51A81842}.Debug|x64.ActiveCfg = Debug|x64
		{A060300F-6C87-402D-86BD-BDAB51A81842}.Debug|x64.Build.0 = Debug|x64
		{A060300F-6C87-402D-86BD-BDAB51A81842}.Debug|x86.ActiveCfg = Debug|Win32
		{A060300F-6C87-402D-86BD-BDAB51A81842}.Debug|x86.Build.0 = Debug|Win32
		{A060300F-6C87-402D-86BD-BDAB51A81842}.Release|x64.ActiveCfg = Release|x64
		{A060300F-6C87-402D-86BD-BDAB51A81842}.Release|x64.Build.0 = Release|x64
		{A060300F-6C87-402D-86BD-BDAB51A81842}.Release|x86.ActiveCfg = Release|Win32
		{A060300F-6C87-402D-86BD-BDAB51A81842}.Release|x86.Build.0 = Release|Win32
		{FA75B09D-B888-436E-9629-A97B79795B44}.Debug|x64.ActiveCfg = Debug|x64
		{FA75B09D-B888-436E-9629-A97B79795B44}.Debug|x64.Build.0 = Debug|x64
		{FA75B09D-B888-436E-9629-A97B79795B44}.Debug|x86.ActiveCfg = Debug|Win32
		{FA75B09D-B888-436E-9629-A97B79795B44}.Debug|x86.Build.0 = Debug|Win32
		{FA75B09D-B888-436E-9629-A97B79795B44}.Release|x64.ActiveCfg = Release|x64
		{FA75B09D-B888-436E-9629-A97B79795B44}.Release|x64.Build.0 = Release|x64
		{FA75B09D-B888-436E-9629-A97B79795B44}.Release|x86.ActiveCfg = Release|Win32
		{FA75B09D-B888-436E-9629-A97B79795B44}.Release|x86.Build.0 = Release|Win32
		{110FEE5F-8593-4D98-94E5-4FDE02B0F84B}.Debug|x64.ActiveCfg = Debug|x64
		{110FEE5F-8593-4D98-94E5-4FDE02B0F84B}.Debug|x64.Build.0 = Debug|x64
		{110FEE5F-8593-4D98-94E5-4FDE02B0F84B}.Debug|x86.ActiveCfg = Debug|Win32
		{110FEE5F-8593-4D98-94E5-4FDE02B0F84B}.Debug|x86.Build.0 = Debug|Win32
		{110FEE5F-8593-4D98-94E5-4FDE02B0F84B}.Release|x64.ActiveCfg = Release|x64
		{110FEE5F-8593-4D98-94E5-4FDE02B0F84B}.Release|x64.Build.0 = Release|x64
		{110FEE5F-8593-4D98-94E5-4FDE02B0F84B}.Release|x86.ActiveCfg = Release|Win32
		{110FEE5F-8593-4D98-94E5-4FDE02B0F84B}.Release|x86.Build.0 = Release|Win32
		{F9BA7604-60CB-4293-A66A-D86A11513617}.Debug|x64.ActiveCfg = Debug|x64
		{F9BA7604-60CB-4293-A66A-D86A11513617}.Debug|x64.Build.0 = Debug|x64
		{F9BA7604-60CB-4293-A66A-D86A11513617}.Debug|x86.ActiveCfg = Debug|Win32
		{F9BA7604-60CB-4293-A66A-D86A11513617}.Debug|x86.Build.0 = Debug|Win32
		{F9BA7604-60CB-4293-A66A-D86A11513617}.Release|x64.ActiveCfg = Release|x64
		{F9BA7604-60CB-4293-A66A-D86A11513617}.Release|x64.Build.0 = Release|x64
		{F9BA7604-60CB-4293-A66A-D86A11513617}.Release|x86.ActiveCfg = Release|Win32
		{F9BA7604-60CB-4293-A66A-D86A11513617}.Release|x86.Build.0 = Release|Win32
		{DB4E7B55-564F-4982-97F6-C4C7F61E8097}.Debug|x64.ActiveCfg = Debug|x64
		{DB4E7B55-564F-4982-97F6-C4C7F61E8097}.Debug|x64.Build.0 = Debug|x64
		{DB4E7B55-564F-4982-97F6-C4C7F61E8097}.Debug|x86.ActiveCfg = Debug|Win32
		{DB4E7B55-564F-4982-97F6-C4C7F61E8097}.Debug|x86.Build.0 = Debug|Win32
		{DB4E7B55-564F-4982-97F6-C4C7F61E8097}.Release|x64.ActiveCfg = Release|x64
		{DB4E7B55-564F-4982-97F6-C4C7F61E8097}.Release|x64.Build.0 = Release|x64
		{DB4E7B55-564F-4982-97F6-C4C7F61E8097}.Release|x86.ActiveCfg = Release|Win32
		{DB4E7B55-564F-4982-97F6-C4C7F61E8097}.Release|x86.Build.0 = Release|Win32
		{31CF9546-28C5-4B39-9A10-FB44FE63B0D0}.Debug|x64.ActiveCfg = Debug|x64
		{31CF9546-28C5-4B39-9A10-FB44FE63B0D0}.Debug|x64.Build.0 = Debug|x64
		{31CF9546-28C5-4B39-9A10-FB44FE63B0D0}.Debug|x86.ActiveCfg = Debug|Win32
		{31CF9546-28C5-4B39-9A10-FB44FE63B0D0}.Debug|x86.Build.0 = Debug|Win32
		{31CF9546-28C5-4B39-9A10-FB44FE63B0D0}.Release|x64.ActiveCfg = Release|x64
		{31CF9546-28C5-4B39-9A10-FB44FE63B0D0}.Release|x64.Build.0 = Release|x64
		{31CF9546-28C5-4B39-9A10-FB44FE63B0D0}.Release|x86.ActiveCfg = Release|Win32
		{31CF9546-28C5-4B39-9A10-FB44FE63B0D0}.Release|x86.Build.0 = Release|Win32
		{47BF8F2D-29C8-489E-B20A-06C2D99212D3}.Debug|x64.ActiveCfg = Debug|x64
		{47BF8F2D-29C8-489E-B20A-06C2D99212D3}.Debug|x64.Build.0 = Debug|x64
		{47BF8F2D-29C8-489E-B20A-06C2D99212D3}.Debug|x86.ActiveCfg = Debug|Win32
		{47BF8F2D-29C8-489E-B20A-06C2D99212D3}.Debug|x86.Build.0 = Debug|Win32
		{47BF8F2D-29C8-489E-B20A-06C2D99212D3}.Release|x64.ActiveCfg = Release|x64
		{47BF8F2D-29C8-489E-B20A-06C2D99212D3}.Release|x64.Build.0 = Release|x64
		{47BF8F2D-29C8-489E-B20A-06C2D99212D3}.Release|x86.ActiveCfg = Release|Win32
		{47BF8F2D-29C8-489E-B20A-06C2D99212D3}.Release|x86.Build.0 = Release|Win32
		{DE55B421-08F1-4721-A959-586CE962DC80}.Debug|x64.ActiveCfg = Debug|x64
		{DE55B421-08F1-4721-A959-586CE962DC80}.Debug|x64.Build.0 = Debug|x64
		{DE55B421-08F1-4721-A959-586CE962DC80}.Debug|x86.ActiveCfg = Debug|Win32
		{DE55B421-08F1-4721-A959-586CE962DC80}.Debug|x86.Build.0 = Debug|Win32
		{DE55B421-08F1-4721-A959-586CE962DC80}.Release|x64.ActiveCfg = Release|x64
		{DE55B421-08F1-4721-A959-586CE962DC80}.Release|x64.Build.0 = Release|x64
		{DE55B421-08F1-4721-A959-586CE962DC80}.Release|x86.ActiveCfg = Release|Win32
		{DE55B421-08F1-4721-A959-586CE962DC80}.Release|x86.Build.0 = Release|Win32
		{48FAAA96-792D-4EA8-86C9-2FDB1BB1AAEA}.Debug|x64.ActiveCfg = Debug|x64
		{48FAAA96-792D-4EA8-86C9-2FDB1BB1AAEA}.Debug|x64.Build.0 = Debug|x64
		{48FAAA96-792D-4EA8-86C9-2FDB1BB1AAEA}.Debug|x86.ActiveCfg = Debug|Win32
		{48FAAA96-792D-4EA8-86C9-2FDB1BB1AAEA}.Debug|x86.Build.0 = Debug|Win32
		{48FAAA96-792D-4EA8-86C9-2FDB1BB1AAEA}.Release|x64.ActiveCfg = Release|x64
		{48FAAA96-792D-4EA8-86C9-2FDB1BB1AAEA}.Release|x64.Build.0 = Release|x64
		{48FAAA96-792D-4EA8-86C9-2FDB1BB1AAEA}.Release|x86.ActiveCfg = Release|Win32
		{48FAAA96-792D-4EA8-86C9-2FDB1BB1AAEA}.Release|x86.Build.0 = Release|Win32
		{DAE142AC-4B65-479F-9435-CBF165B2ECEA}.Debug|x64.ActiveCfg = Debug|x64
		{DAE142AC-4B65-479F-9435-CBF165B2ECEA}.Debug|x64.Build.0 = Debug|x64
		{DAE142AC-4B65-479F-9435-CBF165B2ECEA}.Debug|x86.ActiveCfg = Debug|Win32
		{DAE142AC-4B65-479F-9435-CBF165B2ECEA}.Debug|x86.Build.0 = Debug|Win32
		{DAE142AC-4B65-479F-9435-CBF165B2ECEA}.Release|x64.ActiveCfg = Release|x64
		{DAE142AC-4B65-479F-9435-CBF165B2ECEA}.Release|x64.Build.0 = Release|x64
		{DAE142AC-4B65-479F-9435-CBF165B2ECEA}.Release|x86.ActiveCfg = Release|Win32
		{DAE142AC-4B65-479F-9435-CBF165B2ECEA}.Release|x86.Build.0 = Release|Win32
		{B2B5CFC5-85C1-46A6-AACC-5D39E521E226}.Debug|x64.ActiveCfg = Debug|x64
		{B2B5CFC5-85C1-46A6-AACC-5D39E521E226}.Debug|x64.Build.0 = Debug|x64
		{B2B5CFC5-85C1-46A6-AACC-5D39E521E226}.Debug|x86.ActiveCfg = Debug|Win32
		{B2B5CFC5-85C1-46A6-AACC-5D39E521E226}.Debug|x86.Build.0 = Debug|Win32
		{B2B5CFC5-85C1-46A6-AACC-5D39E521E226}.Release|x64.ActiveCfg = Release|x64
		{B2B5CFC5-85C1-46A6-AACC-5D39E521E226}.Release|x64.Build.0 = Release|x64
		{B2B5CFC5-85C1-46A6-AACC-5D39E521E226}.Release|x86.ActiveCfg = Release|Win32
		{B2B5CFC5-85C1-46A6-AACC-5D39E521E226}.Release|x86.Build.0 = Release|Win32
		{FF0174FC-F8BE-4473-8C2A-A1C30F8322EA}.Debug|x64.ActiveCfg = Debug|x64
		{FF0174FC-F8BE-4473-8C2A-A1C30F8322EA}.Debug|x64.Build.0 = Debug|x64
		{FF0174FC-F8BE-4473-8C2A-A1C30F8322EA}.Debug|x86.ActiveCfg = Debug|Win32
		{FF0174FC-F8BE-4473-8C2A-A1C30F8322EA}.Debug|x86.Build.0 = Debug|Win32
		{FF0174FC-F8BE-4473-8C2A-A1C30F8322EA}.Release|x64.ActiveCfg = Release|x64
		{FF0174FC-F8BE-4473-8C2A-A1C30F8322EA}.Release|x64.Build.0 = Release|x64
		{FF0174FC-F8BE-4473-8C2A-A1C30F8322EA}.Release|x86.ActiveCfg = Release|Win32
		{FF0174FC-F8BE-4473-8C2A-A1C30F8322EA}.Release|x86.Build.0 = Release|Win32
		{85451C32-0DDA-489E-BBE7-B0217C11E870}.Debug|x64.ActiveCfg = Debug|x64
		{85451C32-0DDA-489E-BBE7-B0217C11E870}.Debug|x64.Build.0 = Debug|x64
		{85451C32-0DDA-489E-BBE7-B0217C11E870}.Debug|x86.ActiveCfg = Debug|Win32
		{85451C32-0DDA-489E-BBE7-B0217C11E870}.Debug|x86.Build.0 = Debug|Win32
		{85451C32-0DDA-489E-BBE7-B0217C11E870}.Release|x64.ActiveCfg = Release|x64
		{85451C32-0DDA-489E-BBE7-B0217C11E870}.Release|x64.Build.0 = Release|x64
		{85451C32-0DDA-489E-BBE7-B0217C11E870}.Release|x86.ActiveCfg = Release|Win32
		{85451C32-0DDA-489E-BBE7-B0217C11E870}.Release|x86.Build.0 = Release|Win32
		{3131B074-9C0F-4093-B9C1-3EA1E85DA317}.Debug|x64.ActiveCfg = Debug|x64
		{3131B074-9C0F-4093-B9C1-3EA1E85DA317}.Debug|x64.Build.0 = Debug|x64
		{3131B074-9C0F-4093-B9C1-3EA1E85DA317}.Debug|x86.ActiveCfg = Debug|Win32
		{3131B074-9C0F-4093-B9C1-3EA1E85DA317}.Debug|x86.Build.0 = Debug|Win32
		{3131B074-9C0F-4093-B9C1-3EA1E85DA317}.Release|x64.ActiveCfg = Release|x64
		{3131B074-9C0F-4093-B9C1-3EA1E85DA317}.Release|x64.Build.0 = Release|x64
		{3131B074-9C0F-4093-B9C1-3EA1E85DA317}.Release|x86.ActiveCfg = Release|Win32
		{3131B074-9C0F-4093-B9C1-3EA1E85DA317}.Release|x86.Build.0 = Release|Win32
		{081215CC-3DC6-4B65-8884-4DD065467725}.Debug|x64.ActiveCfg = Debug|x64
		{081215CC-3DC6-4B65-8884-4DD065467725}.Debug|x64.Build.0 = Debug|x64
		{081215CC-3DC6-4B65-8884-4DD065467725}.Debug|x86.ActiveCfg = Debug|Win32
		{081215CC-3DC6-4B65-8884-4DD065467725}.Debug|x86.Build.0 = Debug|Win32
		{081215CC-3DC6-4B65-8884-4DD065467725}.Release|x64.ActiveCfg = Release|x64
		{081215CC-3DC6-4B65-8884-4DD065467725}.Release|x64.Build.0 = Release|x64
		{081215CC-3DC6-4B65-8884-4DD065467725}.Release|x86.ActiveCfg = Release|Win32
		{081215CC-3DC6-4B65-8884-4DD065467725}.Release|x86.Build.0 = Release|Win32
	EndGlobalSection
	GlobalSection(SolutionProperties) = preSolution
		HideSolutionNode = FALSE
	EndGlobalSection
	GlobalSection(ExtensibilityGlobals) = postSolution
		SolutionGuid = {25D56552-0B43-4592-A7B9-C9C2684C2154}
	EndGlobalSection
EndGlobal
